# THIS IS AN AUTOGENERATED FILE. DO NOT EDIT THIS FILE DIRECTLY.
# yarn lockfile v1


"@ctxify/dotaccess@^1.0.0":
  version "1.0.0"
  resolved "https://registry.yarnpkg.com/@ctxify/dotaccess/-/dotaccess-1.0.0.tgz#ba8031fe502a97c231b83198db156c51f6a553d5"
  integrity sha512-gZHSRb9jMRw+yfqjfqrCl+IVglUL4UkmyQ+bE7hr1SjC7u4n9aKMA/PV5ZaZxVc0Kz3AwC+i1HZUOBQsBmX0YA==
